{
    "_meta": {
        "hash": {
            "sha256": "ef53ec5e624759d060eb52f530fa4cc608dd7668f03fd6ba62fb09fe47ef7c1f"
        },
        "pipfile-spec": 6,
        "requires": {
            "python_version": "3.9"
        },
        "sources": [
            {
                "name": "pypi",
                "url": "https://pypi.org/simple",
                "verify_ssl": true
            }
        ]
    },
    "default": {
        "alembic": {
            "hashes": [
                "sha256:99bd884ca390466db5e27ffccff1d179ec5c05c965cfefc0607e69f9e411cb25",
                "sha256:b00892b53b3642d0b8dbedba234dbf1924b69be83a9a769d5a624b01094e304b"
            ],
            "index": "pypi",
            "markers": "python_version >= '3.8'",
            "version": "==1.14.0"
        },
        "blinker": {
            "hashes": [
                "sha256:b4ce2265a7abece45e7cc896e98dbebe6cead56bcf805a3d23136d145f5445bf",
                "sha256:ba0efaa9080b619ff2f3459d1d500c57bddea4a6b424b60a91141db6fd2f08bc"
            ],
            "markers": "python_version >= '3.9'",
            "version": "==1.9.0"
        },
        "click": {
            "hashes": [
                "sha256:63c132bbbed01578a06712a2d1f497bb62d9c1c0d329b7903a866228027263b2",
                "sha256:ed53c9d8990d83c2a27deae68e4ee337473f6330c040a31d4225c9574d16096a"
            ],
            "markers": "python_version >= '3.7'",
            "version": "==8.1.8"
        },
        "flask": {
            "hashes": [
                "sha256:58107ed83443e86067e41eff4631b058178191a355886f8e479e347fa1285fdf",
                "sha256:edee9b0a7ff26621bd5a8c10ff484ae28737a2410d99b0bb9a6850c7fb977aa0"
            ],
            "index": "pypi",
            "markers": "python_version >= '3.7'",
            "version": "==2.2.5"
        },
        "flask-migrate": {
            "hashes": [
                "sha256:1a336b06eb2c3ace005f5f2ded8641d534c18798d64061f6ff11f79e1434126d",
                "sha256:24d8051af161782e0743af1b04a152d007bad9772b2bca67b7ec1e8ceeb3910d"
            ],
            "index": "pypi",
            "markers": "python_version >= '3.6'",
            "version": "==4.1.0"
        },
        "flask-sqlalchemy": {
            "hashes": [
                "sha256:4ba4be7f419dc72f4efd8802d69974803c37259dd42f3913b0dcf75c9447e0a0",
                "sha256:e4b68bb881802dda1a7d878b2fc84c06d1ee57fb40b874d3dc97dabfa36b8312"
            ],
            "index": "pypi",
            "markers": "python_version >= '3.8'",
            "version": "==3.1.1"
        },
        "flask-wtf": {
            "hashes": [
                "sha256:79d2ee1e436cf570bccb7d916533fa18757a2f18c290accffab1b9a0b684666b",
                "sha256:e93160c5c5b6b571cf99300b6e01b72f9a101027cab1579901f8b10c5daf0b70"
            ],
            "index": "pypi",
            "markers": "python_version >= '3.9'",
            "version": "==1.2.2"
        },
        "importlib-metadata": {
            "hashes": [
                "sha256:45e54197d28b7a7f1559e60b95e7c567032b602131fbd588f1497f47880aa68b",
                "sha256:71522656f0abace1d072b9e5481a48f07c138e00f079c38c8f883823f9c26bd7"
            ],
            "markers": "python_version >= '3.8'",
            "version": "==8.5.0"
        },
        "itsdangerous": {
            "hashes": [
                "sha256:c6242fc49e35958c8b15141343aa660db5fc54d4f13a1db01a3f5891b98700ef",
                "sha256:e0050c0b7da1eea53ffaf149c0cfbb5c6e2e2b69c4bef22c81fa6eb73e5f6173"
            ],
            "markers": "python_version >= '3.8'",
            "version": "==2.2.0"
        },
        "jinja2": {
            "hashes": [
                "sha256:8fefff8dc3034e27bb80d67c671eb8a9bc424c0ef4c0826edbff304cceff43bb",
                "sha256:aba0f4dc9ed8013c424088f68a5c226f7d6097ed89b246d7749c2ec4175c6adb"
            ],
            "markers": "python_version >= '3.7'",
            "version": "==3.1.5"
        },
        "mako": {
            "hashes": [
                "sha256:42f48953c7eb91332040ff567eb7eea69b22e7a4affbc5ba8e845e8f730f6627",
                "sha256:577b97e414580d3e088d47c2dbbe9594aa7a5146ed2875d4dfa9075af2dd3cc8"
            ],
            "markers": "python_version >= '3.8'",
            "version": "==1.3.8"
        },
        "markupsafe": {
            "hashes": [
                "sha256:0bff5e0ae4ef2e1ae4fdf2dfd5b76c75e5c2fa4132d05fc1b0dabcd20c7e28c4",
                "sha256:0f4ca02bea9a23221c0182836703cbf8930c5e9454bacce27e767509fa286a30",
                "sha256:1225beacc926f536dc82e45f8a4d68502949dc67eea90eab715dea3a21c1b5f0",
                "sha256:131a3c7689c85f5ad20f9f6fb1b866f402c445b220c19fe4308c0b147ccd2ad9",
                "sha256:15ab75ef81add55874e7ab7055e9c397312385bd9ced94920f2802310c930396",
                "sha256:1a9d3f5f0901fdec14d8d2f66ef7d035f2157240a433441719ac9a3fba440b13",
                "sha256:1c99d261bd2d5f6b59325c92c73df481e05e57f19837bdca8413b9eac4bd8028",
                "sha256:1e084f686b92e5b83186b07e8a17fc09e38fff551f3602b249881fec658d3eca",
                "sha256:2181e67807fc2fa785d0592dc2d6206c019b9502410671cc905d132a92866557",
                "sha256:2cb8438c3cbb25e220c2ab33bb226559e7afb3baec11c4f218ffa7308603c832",
                "sha256:3169b1eefae027567d1ce6ee7cae382c57fe26e82775f460f0b2778beaad66c0",
                "sha256:3809ede931876f5b2ec92eef964286840ed3540dadf803dd570c3b7e13141a3b",
                "sha256:38a9ef736c01fccdd6600705b09dc574584b89bea478200c5fbf112a6b0d5579",
                "sha256:3d79d162e7be8f996986c064d1c7c817f6df3a77fe3d6859f6f9e7be4b8c213a",
                "sha256:444dcda765c8a838eaae23112db52f1efaf750daddb2d9ca300bcae1039adc5c",
                "sha256:48032821bbdf20f5799ff537c7ac3d1fba0ba032cfc06194faffa8cda8b560ff",
                "sha256:4aa4e5faecf353ed117801a068ebab7b7e09ffb6e1d5e412dc852e0da018126c",
                "sha256:52305740fe773d09cffb16f8ed0427942901f00adedac82ec8b67752f58a1b22",
                "sha256:569511d3b58c8791ab4c2e1285575265991e6d8f8700c7be0e88f86cb0672094",
                "sha256:57cb5a3cf367aeb1d316576250f65edec5bb3be939e9247ae594b4bcbc317dfb",
                "sha256:5b02fb34468b6aaa40dfc198d813a641e3a63b98c2b05a16b9f80b7ec314185e",
                "sha256:6381026f158fdb7c72a168278597a5e3a5222e83ea18f543112b2662a9b699c5",
                "sha256:6af100e168aa82a50e186c82875a5893c5597a0c1ccdb0d8b40240b1f28b969a",
                "sha256:6c89876f41da747c8d3677a2b540fb32ef5715f97b66eeb0c6b66f5e3ef6f59d",
                "sha256:6e296a513ca3d94054c2c881cc913116e90fd030ad1c656b3869762b754f5f8a",
                "sha256:70a87b411535ccad5ef2f1df5136506a10775d267e197e4cf531ced10537bd6b",
                "sha256:7e94c425039cde14257288fd61dcfb01963e658efbc0ff54f5306b06054700f8",
                "sha256:846ade7b71e3536c4e56b386c2a47adf5741d2d8b94ec9dc3e92e5e1ee1e2225",
                "sha256:88416bd1e65dcea10bc7569faacb2c20ce071dd1f87539ca2ab364bf6231393c",
                "sha256:88b49a3b9ff31e19998750c38e030fc7bb937398b1f78cfa599aaef92d693144",
                "sha256:8c4e8c3ce11e1f92f6536ff07154f9d49677ebaaafc32db9db4620bc11ed480f",
                "sha256:8e06879fc22a25ca47312fbe7c8264eb0b662f6db27cb2d3bbbc74b1df4b9b87",
                "sha256:9025b4018f3a1314059769c7bf15441064b2207cb3f065e6ea1e7359cb46db9d",
                "sha256:93335ca3812df2f366e80509ae119189886b0f3c2b81325d39efdb84a1e2ae93",
                "sha256:9778bd8ab0a994ebf6f84c2b949e65736d5575320a17ae8984a77fab08db94cf",
                "sha256:9e2d922824181480953426608b81967de705c3cef4d1af983af849d7bd619158",
                "sha256:a123e330ef0853c6e822384873bef7507557d8e4a082961e1defa947aa59ba84",
                "sha256:a904af0a6162c73e3edcb969eeeb53a63ceeb5d8cf642fade7d39e7963a22ddb",
                "sha256:ad10d3ded218f1039f11a75f8091880239651b52e9bb592ca27de44eed242a48",
                "sha256:b424c77b206d63d500bcb69fa55ed8d0e6a3774056bdc4839fc9298a7edca171",
                "sha256:b5a6b3ada725cea8a5e634536b1b01c30bcdcd7f9c6fff4151548d5bf6b3a36c",
                "sha256:ba8062ed2cf21c07a9e295d5b8a2a5ce678b913b45fdf68c32d95d6c1291e0b6",
                "sha256:ba9527cdd4c926ed0760bc301f6728ef34d841f405abf9d4f959c478421e4efd",
                "sha256:bbcb445fa71794da8f178f0f6d66789a28d7319071af7a496d4d507ed566270d",
                "sha256:bcf3e58998965654fdaff38e58584d8937aa3096ab5354d493c77d1fdd66d7a1",
                "sha256:c0ef13eaeee5b615fb07c9a7dadb38eac06a0608b41570d8ade51c56539e509d",
                "sha256:cabc348d87e913db6ab4aa100f01b08f481097838bdddf7c7a84b7575b7309ca",
                "sha256:cdb82a876c47801bb54a690c5ae105a46b392ac6099881cdfb9f6e95e4014c6a",
                "sha256:cfad01eed2c2e0c01fd0ecd2ef42c492f7f93902e39a42fc9ee1692961443a29",
                "sha256:d16a81a06776313e817c951135cf7340a3e91e8c1ff2fac444cfd75fffa04afe",
                "sha256:d8213e09c917a951de9d09ecee036d5c7d36cb6cb7dbaece4c71a60d79fb9798",
                "sha256:e07c3764494e3776c602c1e78e298937c3315ccc9043ead7e685b7f2b8d47b3c",
                "sha256:e17c96c14e19278594aa4841ec148115f9c7615a47382ecb6b82bd8fea3ab0c8",
                "sha256:e444a31f8db13eb18ada366ab3cf45fd4b31e4db1236a4448f68778c1d1a5a2f",
                "sha256:e6a2a455bd412959b57a172ce6328d2dd1f01cb2135efda2e4576e8a23fa3b0f",
                "sha256:eaa0a10b7f72326f1372a713e73c3f739b524b3af41feb43e4921cb529f5929a",
                "sha256:eb7972a85c54febfb25b5c4b4f3af4dcc731994c7da0d8a0b4a6eb0640e1d178",
                "sha256:ee55d3edf80167e48ea11a923c7386f4669df67d7994554387f84e7d8b0a2bf0",
                "sha256:f3818cb119498c0678015754eba762e0d61e5b52d34c8b13d770f0719f7b1d79",
                "sha256:f8b3d067f2e40fe93e1ccdd6b2e1d16c43140e76f02fb1319a05cf2b79d99430",
                "sha256:fcabf5ff6eea076f859677f5f0b6b5c1a51e70a376b0579e0eadef8db48c6b50"
            ],
            "markers": "python_version >= '3.9'",
            "version": "==3.0.2"
        },
        "python-dotenv": {
            "hashes": [
                "sha256:e324ee90a023d808f1959c46bcbc04446a10ced277783dc6ee09987c37ec10ca",
                "sha256:f7b63ef50f1b690dddf550d03497b66d609393b40b564ed0d674909a68ebf16a"
            ],
            "index": "pypi",
            "markers": "python_version >= '3.8'",
            "version": "==1.0.1"
        },
        "sqlalchemy": {
            "hashes": [
                "sha256:03f0528c53ca0b67094c4764523c1451ea15959bbf0a8a8a3096900014db0278",
                "sha256:12b0f1ec623cccf058cf21cb544f0e74656618165b083d78145cafde156ea7b6",
                "sha256:12b28d99a9c14eaf4055810df1001557176716de0167b91026e648e65229bffb",
                "sha256:1b2690456528a87234a75d1a1644cdb330a6926f455403c8e4f6cad6921f9098",
                "sha256:1cdba1f73b64530c47b27118b7053b8447e6d6f3c8104e3ac59f3d40c33aa9fd",
                "sha256:293f9ade06b2e68dd03cfb14d49202fac47b7bb94bffcff174568c951fbc7af2",
                "sha256:2952748ecd67ed3b56773c185e85fc084f6bdcdec10e5032a7c25a6bc7d682ef",
                "sha256:2f95fc8e3f34b5f6b3effb49d10ac97c569ec8e32f985612d9b25dd12d0d2e94",
                "sha256:2fa2c0913f02341d25fb858e4fb2031e6b0813494cca1ba07d417674128ce11b",
                "sha256:3151822aa1db0eb5afd65ccfafebe0ef5cda3a7701a279c8d0bf17781a793bb4",
                "sha256:35bd2df269de082065d4b23ae08502a47255832cc3f17619a5cea92ce478b02b",
                "sha256:41296bbcaa55ef5fdd32389a35c710133b097f7b2609d8218c0eabded43a1d84",
                "sha256:44f569d0b1eb82301b92b72085583277316e7367e038d97c3a1a899d9a05e342",
                "sha256:46954173612617a99a64aee103bcd3f078901b9a8dcfc6ae80cbf34ba23df989",
                "sha256:4b12885dc85a2ab2b7d00995bac6d967bffa8594123b02ed21e8eb2205a7584b",
                "sha256:4f581d365af9373a738c49e0c51e8b18e08d8a6b1b15cc556773bcd8a192fa8b",
                "sha256:51bc9cfef83e0ac84f86bf2b10eaccb27c5a3e66a1212bef676f5bee6ef33ebb",
                "sha256:521ef85c04c33009166777c77e76c8a676e2d8528dc83a57836b63ca9c69dcd1",
                "sha256:5bc3339db84c5fb9130ac0e2f20347ee77b5dd2596ba327ce0d399752f4fce39",
                "sha256:635d8a21577341dfe4f7fa59ec394b346da12420b86624a69e466d446de16aff",
                "sha256:648ec5acf95ad59255452ef759054f2176849662af4521db6cb245263ae4aa33",
                "sha256:650dcb70739957a492ad8acff65d099a9586b9b8920e3507ca61ec3ce650bb72",
                "sha256:6b788f14c5bb91db7f468dcf76f8b64423660a05e57fe277d3f4fad7b9dcb7ce",
                "sha256:6c67415258f9f3c69867ec02fea1bf6508153709ecbd731a982442a590f2b7e4",
                "sha256:74bbd1d0a9bacf34266a7907d43260c8d65d31d691bb2356f41b17c2dca5b1d0",
                "sha256:75311559f5c9881a9808eadbeb20ed8d8ba3f7225bef3afed2000c2a9f4d49b9",
                "sha256:78361be6dc9073ed17ab380985d1e45e48a642313ab68ab6afa2457354ff692c",
                "sha256:7b7e772dc4bc507fdec4ee20182f15bd60d2a84f1e087a8accf5b5b7a0dcf2ba",
                "sha256:82df02816c14f8dc9f4d74aea4cb84a92f4b0620235daa76dde002409a3fbb5a",
                "sha256:84b9f23b0fa98a6a4b99d73989350a94e4a4ec476b9a7dfe9b79ba5939f5e80b",
                "sha256:8c4096727193762e72ce9437e2a86a110cf081241919ce3fab8e89c02f6b6658",
                "sha256:8e47f1af09444f87c67b4f1bb6231e12ba6d4d9f03050d7fc88df6d075231a49",
                "sha256:93d1543cd8359040c02b6614421c8e10cd7a788c40047dbc507ed46c29ae5636",
                "sha256:94b564e38b344d3e67d2e224f0aec6ba09a77e4582ced41e7bfd0f757d926ec9",
                "sha256:955a2a765aa1bd81aafa69ffda179d4fe3e2a3ad462a736ae5b6f387f78bfeb8",
                "sha256:9d087663b7e1feabea8c578d6887d59bb00388158e8bff3a76be11aa3f748ca2",
                "sha256:9df21b8d9e5c136ea6cde1c50d2b1c29a2b5ff2b1d610165c23ff250e0704087",
                "sha256:a8998bf9f8658bd3839cbc44ddbe982955641863da0c1efe5b00c1ab4f5c16b1",
                "sha256:b2eae3423e538c10d93ae3e87788c6a84658c3ed6db62e6a61bb9495b0ad16bb",
                "sha256:b661b49d0cb0ab311a189b31e25576b7ac3e20783beb1e1817d72d9d02508bf5",
                "sha256:bedee60385c1c0411378cbd4dc486362f5ee88deceea50002772912d798bb00f",
                "sha256:c505edd429abdfe3643fa3b2e83efb3445a34a9dc49d5f692dd087be966020e0",
                "sha256:cce918ada64c956b62ca2c2af59b125767097ec1dca89650a6221e887521bfd7",
                "sha256:cf5ae8a9dcf657fd72144a7fd01f243236ea39e7344e579a121c4205aedf07bb",
                "sha256:cf95a60b36997dad99692314c4713f141b61c5b0b4cc5c3426faad570b31ca01",
                "sha256:d57bafbab289e147d064ffbd5cca2d7b1394b63417c0636cea1f2e93d16eb9e8",
                "sha256:d70f53a0646cc418ca4853da57cf3ddddbccb8c98406791f24426f2dd77fd0e2",
                "sha256:d75ead7dd4d255068ea0f21492ee67937bd7c90964c8f3c2bea83c7b7f81b95f",
                "sha256:da36c3b0e891808a7542c5c89f224520b9a16c7f5e4d6a1156955605e54aef0e",
                "sha256:db18ff6b8c0f1917f8b20f8eca35c28bbccb9f83afa94743e03d40203ed83de9",
                "sha256:dfff7be361048244c3aa0f60b5e63221c5e0f0e509f4e47b8910e22b57d10ae7",
                "sha256:e4fb5ac86d8fe8151966814f6720996430462e633d225497566b3996966b9bdb",
                "sha256:e56a139bfe136a22c438478a86f8204c1eb5eed36f4e15c4224e4b9db01cb3e4",
                "sha256:e6f5d254a22394847245f411a2956976401e84da4288aa70cbcd5190744062c1",
                "sha256:e7402ff96e2b073a98ef6d6142796426d705addd27b9d26c3b32dbaa06d7d069",
                "sha256:ea308cec940905ba008291d93619d92edaf83232ec85fbd514dcb329f3192761",
                "sha256:eaa8039b6d20137a4e02603aba37d12cd2dde7887500b8855356682fc33933f4"
            ],
            "index": "pypi",
            "markers": "python_version >= '3.7'",
            "version": "==2.0.37"
        },
        "typing-extensions": {
            "hashes": [
                "sha256:04e5ca0351e0f3f85c6853954072df659d0d13fac324d0072316b67d7794700d",
                "sha256:1a7ead55c7e559dd4dee8856e3a88b41225abfe1ce8df57b7c13915fe121ffb8"
            ],
            "markers": "python_version >= '3.8'",
            "version": "==4.12.2"
        },
        "werkzeug": {
            "hashes": [
                "sha256:54b78bf3716d19a65be4fceccc0d1d7b89e608834989dfae50ea87564639213e",
                "sha256:60723ce945c19328679790e3282cc758aa4a6040e4bb330f53d30fa546d44746"
            ],
            "markers": "python_version >= '3.9'",
            "version": "==3.1.3"
        },
        "wtforms": {
            "hashes": [
                "sha256:583bad77ba1dd7286463f21e11aa3043ca4869d03575921d1a1698d0715e0fd4",
                "sha256:df3e6b70f3192e92623128123ec8dca3067df9cfadd43d59681e210cfb8d4682"
            ],
            "index": "pypi",
            "markers": "python_version >= '3.9'",
            "version": "==3.2.1"
        },
        "zipp": {
            "hashes": [
                "sha256:2c9958f6430a2040341a52eb608ed6dd93ef4392e02ffe219417c1b28b5dd1f4",
                "sha256:ac1bbe05fd2991f160ebce24ffbac5f6d11d83dc90891255885223d42b3cd931"
            ],
            "markers": "python_version >= '3.9'",
            "version": "==3.21.0"
        }
    },
    "develop": {}
}
